// !$*UTF8*$!
{
	archiveVersion = 1;
	classes = {
	};
	objectVersion = 50;
	objects = {

/* Begin PBXBuildFile section */
		F10E0180239F35A40085C4F8 /* QRCodeScanView.m in Sources */ = {isa = PBXBuildFile; fileRef = F10E017F239F35A40085C4F8 /* QRCodeScanView.m */; };
		F10E0183239F42700085C4F8 /* QRCodeScanViewController.m in Sources */ = {isa = PBXBuildFile; fileRef = F10E0182239F42700085C4F8 /* QRCodeScanViewController.m */; };
		F11AF1FE239E2204009CE7A9 /* QRCodeGenerateTools.m in Sources */ = {isa = PBXBuildFile; fileRef = F11AF1FD239E2204009CE7A9 /* QRCodeGenerateTools.m */; };
		F11AF202239E2393009CE7A9 /* QRCodeScanTools.m in Sources */ = {isa = PBXBuildFile; fileRef = F11AF201239E2393009CE7A9 /* QRCodeScanTools.m */; };
		F11AF205239E26CC009CE7A9 /* QRCodeScanManager.m in Sources */ = {isa = PBXBuildFile; fileRef = F11AF204239E26CB009CE7A9 /* QRCodeScanManager.m */; };
		F1866432213CE28200AF13E7 /* AppDelegate.m in Sources */ = {isa = PBXBuildFile; fileRef = F1866431213CE28200AF13E7 /* AppDelegate.m */; };
		F1866435213CE28200AF13E7 /* ViewController.m in Sources */ = {isa = PBXBuildFile; fileRef = F1866434213CE28200AF13E7 /* ViewController.m */; };
		F1866438213CE28200AF13E7 /* Main.storyboard in Resources */ = {isa = PBXBuildFile; fileRef = F1866436213CE28200AF13E7 /* Main.storyboard */; };
		F186643A213CE28400AF13E7 /* Assets.xcassets in Resources */ = {isa = PBXBuildFile; fileRef = F1866439213CE28400AF13E7 /* Assets.xcassets */; };
		F186643D213CE28400AF13E7 /* LaunchScreen.storyboard in Resources */ = {isa = PBXBuildFile; fileRef = F186643B213CE28400AF13E7 /* LaunchScreen.storyboard */; };
		F1866440213CE28400AF13E7 /* main.m in Sources */ = {isa = PBXBuildFile; fileRef = F186643F213CE28400AF13E7 /* main.m */; };
		F186644A213CE28400AF13E7 /* QRCodeScanTests.m in Sources */ = {isa = PBXBuildFile; fileRef = F1866449213CE28400AF13E7 /* QRCodeScanTests.m */; };
		F1866455213CE28400AF13E7 /* QRCodeScanUITests.m in Sources */ = {isa = PBXBuildFile; fileRef = F1866454213CE28400AF13E7 /* QRCodeScanUITests.m */; };
		F186646F213CE2D300AF13E7 /* ring.wav in Resources */ = {isa = PBXBuildFile; fileRef = F1866464213CE2D200AF13E7 /* ring.wav */; };
		F1866470213CE2D300AF13E7 /* scan_exchange@3x.png in Resources */ = {isa = PBXBuildFile; fileRef = F1866465213CE2D200AF13E7 /* scan_exchange@3x.png */; };
		F1866471213CE2D300AF13E7 /* scan_scanLine@2x.png in Resources */ = {isa = PBXBuildFile; fileRef = F1866466213CE2D200AF13E7 /* scan_scanLine@2x.png */; };
		F1866472213CE2D300AF13E7 /* scan_flash@3x.png in Resources */ = {isa = PBXBuildFile; fileRef = F1866467213CE2D200AF13E7 /* scan_flash@3x.png */; };
		F1866473213CE2D300AF13E7 /* scan_photo@3x.png in Resources */ = {isa = PBXBuildFile; fileRef = F1866468213CE2D200AF13E7 /* scan_photo@3x.png */; };
		F1866474213CE2D300AF13E7 /* scan_scanLine@3x.png in Resources */ = {isa = PBXBuildFile; fileRef = F1866469213CE2D200AF13E7 /* scan_scanLine@3x.png */; };
		F1866475213CE2D300AF13E7 /* scan_exchange@2x.png in Resources */ = {isa = PBXBuildFile; fileRef = F186646A213CE2D200AF13E7 /* scan_exchange@2x.png */; };
		F1866476213CE2D300AF13E7 /* scan_scanFrame@3x.png in Resources */ = {isa = PBXBuildFile; fileRef = F186646B213CE2D200AF13E7 /* scan_scanFrame@3x.png */; };
		F1866477213CE2D300AF13E7 /* scan_photo@2x.png in Resources */ = {isa = PBXBuildFile; fileRef = F186646C213CE2D300AF13E7 /* scan_photo@2x.png */; };
		F1866478213CE2D300AF13E7 /* scan_flash@2x.png in Resources */ = {isa = PBXBuildFile; fileRef = F186646D213CE2D300AF13E7 /* scan_flash@2x.png */; };
		F1866479213CE2D300AF13E7 /* scan_scanFrame@2x.png in Resources */ = {isa = PBXBuildFile; fileRef = F186646E213CE2D300AF13E7 /* scan_scanFrame@2x.png */; };
		F1866486213CE35F00AF13E7 /* CodeGenerateViewController.m in Sources */ = {isa = PBXBuildFile; fileRef = F1866485213CE35E00AF13E7 /* CodeGenerateViewController.m */; };
		F186648A213D11C300AF13E7 /* UIView+Extension.m in Sources */ = {isa = PBXBuildFile; fileRef = F1866489213D11C300AF13E7 /* UIView+Extension.m */; };
/* End PBXBuildFile section */

/* Begin PBXContainerItemProxy section */
		F1866446213CE28400AF13E7 /* PBXContainerItemProxy */ = {
			isa = PBXContainerItemProxy;
			containerPortal = F1866425213CE28200AF13E7 /* Project object */;
			proxyType = 1;
			remoteGlobalIDString = F186642C213CE28200AF13E7;
			remoteInfo = QRCodeScan;
		};
		F1866451213CE28400AF13E7 /* PBXContainerItemProxy */ = {
			isa = PBXContainerItemProxy;
			containerPortal = F1866425213CE28200AF13E7 /* Project object */;
			proxyType = 1;
			remoteGlobalIDString = F186642C213CE28200AF13E7;
			remoteInfo = QRCodeScan;
		};
/* End PBXContainerItemProxy section */

/* Begin PBXFileReference section */
		F10E017E239F35A40085C4F8 /* QRCodeScanView.h */ = {isa = PBXFileReference; lastKnownFileType = sourcecode.c.h; path = QRCodeScanView.h; sourceTree = "<group>"; };
		F10E017F239F35A40085C4F8 /* QRCodeScanView.m */ = {isa = PBXFileReference; lastKnownFileType = sourcecode.c.objc; path = QRCodeScanView.m; sourceTree = "<group>"; };
		F10E0181239F42700085C4F8 /* QRCodeScanViewController.h */ = {isa = PBXFileReference; lastKnownFileType = sourcecode.c.h; path = QRCodeScanViewController.h; sourceTree = "<group>"; };
		F10E0182239F42700085C4F8 /* QRCodeScanViewController.m */ = {isa = PBXFileReference; lastKnownFileType = sourcecode.c.objc; path = QRCodeScanViewController.m; sourceTree = "<group>"; };
		F11AF1FC239E2204009CE7A9 /* QRCodeGenerateTools.h */ = {isa = PBXFileReference; lastKnownFileType = sourcecode.c.h; path = QRCodeGenerateTools.h; sourceTree = "<group>"; };
		F11AF1FD239E2204009CE7A9 /* QRCodeGenerateTools.m */ = {isa = PBXFileReference; lastKnownFileType = sourcecode.c.objc; path = QRCodeGenerateTools.m; sourceTree = "<group>"; };
		F11AF1FF239E22DB009CE7A9 /* QRCodeScanHeader.h */ = {isa = PBXFileReference; lastKnownFileType = sourcecode.c.h; path = QRCodeScanHeader.h; sourceTree = "<group>"; };
		F11AF200239E2393009CE7A9 /* QRCodeScanTools.h */ = {isa = PBXFileReference; lastKnownFileType = sourcecode.c.h; path = QRCodeScanTools.h; sourceTree = "<group>"; };
		F11AF201239E2393009CE7A9 /* QRCodeScanTools.m */ = {isa = PBXFileReference; lastKnownFileType = sourcecode.c.objc; path = QRCodeScanTools.m; sourceTree = "<group>"; };
		F11AF203239E26CB009CE7A9 /* QRCodeScanManager.h */ = {isa = PBXFileReference; lastKnownFileType = sourcecode.c.h; path = QRCodeScanManager.h; sourceTree = "<group>"; };
		F11AF204239E26CB009CE7A9 /* QRCodeScanManager.m */ = {isa = PBXFileReference; lastKnownFileType = sourcecode.c.objc; path = QRCodeScanManager.m; sourceTree = "<group>"; };
		F186642D213CE28200AF13E7 /* QRCodeScan.app */ = {isa = PBXFileReference; explicitFileType = wrapper.application; includeInIndex = 0; path = QRCodeScan.app; sourceTree = BUILT_PRODUCTS_DIR; };
		F1866430213CE28200AF13E7 /* AppDelegate.h */ = {isa = PBXFileReference; lastKnownFileType = sourcecode.c.h; path = AppDelegate.h; sourceTree = "<group>"; };
		F1866431213CE28200AF13E7 /* AppDelegate.m */ = {isa = PBXFileReference; lastKnownFileType = sourcecode.c.objc; path = AppDelegate.m; sourceTree = "<group>"; };
		F1866433213CE28200AF13E7 /* ViewController.h */ = {isa = PBXFileReference; lastKnownFileType = sourcecode.c.h; path = ViewController.h; sourceTree = "<group>"; };
		F1866434213CE28200AF13E7 /* ViewController.m */ = {isa = PBXFileReference; lastKnownFileType = sourcecode.c.objc; path = ViewController.m; sourceTree = "<group>"; };
		F1866437213CE28200AF13E7 /* Base */ = {isa = PBXFileReference; lastKnownFileType = file.storyboard; name = Base; path = Base.lproj/Main.storyboard; sourceTree = "<group>"; };
		F1866439213CE28400AF13E7 /* Assets.xcassets */ = {isa = PBXFileReference; lastKnownFileType = folder.assetcatalog; path = Assets.xcassets; sourceTree = "<group>"; };
		F186643C213CE28400AF13E7 /* Base */ = {isa = PBXFileReference; lastKnownFileType = file.storyboard; name = Base; path = Base.lproj/LaunchScreen.storyboard; sourceTree = "<group>"; };
		F186643E213CE28400AF13E7 /* Info.plist */ = {isa = PBXFileReference; lastKnownFileType = text.plist.xml; path = Info.plist; sourceTree = "<group>"; };
		F186643F213CE28400AF13E7 /* main.m */ = {isa = PBXFileReference; lastKnownFileType = sourcecode.c.objc; path = main.m; sourceTree = "<group>"; };
		F1866445213CE28400AF13E7 /* QRCodeScanTests.xctest */ = {isa = PBXFileReference; explicitFileType = wrapper.cfbundle; includeInIndex = 0; path = QRCodeScanTests.xctest; sourceTree = BUILT_PRODUCTS_DIR; };
		F1866449213CE28400AF13E7 /* QRCodeScanTests.m */ = {isa = PBXFileReference; lastKnownFileType = sourcecode.c.objc; path = QRCodeScanTests.m; sourceTree = "<group>"; };
		F186644B213CE28400AF13E7 /* Info.plist */ = {isa = PBXFileReference; lastKnownFileType = text.plist.xml; path = Info.plist; sourceTree = "<group>"; };
		F1866450213CE28400AF13E7 /* QRCodeScanUITests.xctest */ = {isa = PBXFileReference; explicitFileType = wrapper.cfbundle; includeInIndex = 0; path = QRCodeScanUITests.xctest; sourceTree = BUILT_PRODUCTS_DIR; };
		F1866454213CE28400AF13E7 /* QRCodeScanUITests.m */ = {isa = PBXFileReference; lastKnownFileType = sourcecode.c.objc; path = QRCodeScanUITests.m; sourceTree = "<group>"; };
		F1866456213CE28400AF13E7 /* Info.plist */ = {isa = PBXFileReference; lastKnownFileType = text.plist.xml; path = Info.plist; sourceTree = "<group>"; };
		F1866464213CE2D200AF13E7 /* ring.wav */ = {isa = PBXFileReference; lastKnownFileType = audio.wav; path = ring.wav; sourceTree = "<group>"; };
		F1866465213CE2D200AF13E7 /* scan_exchange@3x.png */ = {isa = PBXFileReference; lastKnownFileType = image.png; path = "scan_exchange@3x.png"; sourceTree = "<group>"; };
		F1866466213CE2D200AF13E7 /* scan_scanLine@2x.png */ = {isa = PBXFileReference; lastKnownFileType = image.png; path = "scan_scanLine@2x.png"; sourceTree = "<group>"; };
		F1866467213CE2D200AF13E7 /* scan_flash@3x.png */ = {isa = PBXFileReference; lastKnownFileType = image.png; path = "scan_flash@3x.png"; sourceTree = "<group>"; };
		F1866468213CE2D200AF13E7 /* scan_photo@3x.png */ = {isa = PBXFileReference; lastKnownFileType = image.png; path = "scan_photo@3x.png"; sourceTree = "<group>"; };
		F1866469213CE2D200AF13E7 /* scan_scanLine@3x.png */ = {isa = PBXFileReference; lastKnownFileType = image.png; path = "scan_scanLine@3x.png"; sourceTree = "<group>"; };
		F186646A213CE2D200AF13E7 /* scan_exchange@2x.png */ = {isa = PBXFileReference; lastKnownFileType = image.png; path = "scan_exchange@2x.png"; sourceTree = "<group>"; };
		F186646B213CE2D200AF13E7 /* scan_scanFrame@3x.png */ = {isa = PBXFileReference; lastKnownFileType = image.png; path = "scan_scanFrame@3x.png"; sourceTree = "<group>"; };
		F186646C213CE2D300AF13E7 /* scan_photo@2x.png */ = {isa = PBXFileReference; lastKnownFileType = image.png; path = "scan_photo@2x.png"; sourceTree = "<group>"; };
		F186646D213CE2D300AF13E7 /* scan_flash@2x.png */ = {isa = PBXFileReference; lastKnownFileType = image.png; path = "scan_flash@2x.png"; sourceTree = "<group>"; };
		F186646E213CE2D300AF13E7 /* scan_scanFrame@2x.png */ = {isa = PBXFileReference; lastKnownFileType = image.png; path = "scan_scanFrame@2x.png"; sourceTree = "<group>"; };
		F1866484213CE35E00AF13E7 /* CodeGenerateViewController.h */ = {isa = PBXFileReference; fileEncoding = 4; lastKnownFileType = sourcecode.c.h; path = CodeGenerateViewController.h; sourceTree = "<group>"; };
		F1866485213CE35E00AF13E7 /* CodeGenerateViewController.m */ = {isa = PBXFileReference; fileEncoding = 4; lastKnownFileType = sourcecode.c.objc; path = CodeGenerateViewController.m; sourceTree = "<group>"; };
		F1866488213D11C300AF13E7 /* UIView+Extension.h */ = {isa = PBXFileReference; fileEncoding = 4; lastKnownFileType = sourcecode.c.h; path = "UIView+Extension.h"; sourceTree = "<group>"; };
		F1866489213D11C300AF13E7 /* UIView+Extension.m */ = {isa = PBXFileReference; fileEncoding = 4; lastKnownFileType = sourcecode.c.objc; path = "UIView+Extension.m"; sourceTree = "<group>"; };
/* End PBXFileReference section */

/* Begin PBXFrameworksBuildPhase section */
		F186642A213CE28200AF13E7 /* Frameworks */ = {
			isa = PBXFrameworksBuildPhase;
			buildActionMask = 2147483647;
			files = (
			);
			runOnlyForDeploymentPostprocessing = 0;
		};
		F1866442213CE28400AF13E7 /* Frameworks */ = {
			isa = PBXFrameworksBuildPhase;
			buildActionMask = 2147483647;
			files = (
			);
			runOnlyForDeploymentPostprocessing = 0;
		};
		F186644D213CE28400AF13E7 /* Frameworks */ = {
			isa = PBXFrameworksBuildPhase;
			buildActionMask = 2147483647;
			files = (
			);
			runOnlyForDeploymentPostprocessing = 0;
		};
/* End PBXFrameworksBuildPhase section */

/* Begin PBXGroup section */
		F11AF1FB239E21CA009CE7A9 /* QRCodeScan */ = {
			isa = PBXGroup;
			children = (
				F1866463213CE2C500AF13E7 /* resource */,
				F11AF1FC239E2204009CE7A9 /* QRCodeGenerateTools.h */,
				F11AF1FD239E2204009CE7A9 /* QRCodeGenerateTools.m */,
				F11AF1FF239E22DB009CE7A9 /* QRCodeScanHeader.h */,
				F11AF200239E2393009CE7A9 /* QRCodeScanTools.h */,
				F11AF201239E2393009CE7A9 /* QRCodeScanTools.m */,
				F11AF203239E26CB009CE7A9 /* QRCodeScanManager.h */,
				F11AF204239E26CB009CE7A9 /* QRCodeScanManager.m */,
				F10E017E239F35A40085C4F8 /* QRCodeScanView.h */,
				F10E017F239F35A40085C4F8 /* QRCodeScanView.m */,
				F10E0181239F42700085C4F8 /* QRCodeScanViewController.h */,
				F10E0182239F42700085C4F8 /* QRCodeScanViewController.m */,
			);
			path = QRCodeScan;
			sourceTree = "<group>";
		};
		F1866424213CE28200AF13E7 = {
			isa = PBXGroup;
			children = (
				F186642F213CE28200AF13E7 /* QRCodeScan */,
				F1866448213CE28400AF13E7 /* QRCodeScanTests */,
				F1866453213CE28400AF13E7 /* QRCodeScanUITests */,
				F186642E213CE28200AF13E7 /* Products */,
			);
			sourceTree = "<group>";
		};
		F186642E213CE28200AF13E7 /* Products */ = {
			isa = PBXGroup;
			children = (
				F186642D213CE28200AF13E7 /* QRCodeScan.app */,
				F1866445213CE28400AF13E7 /* QRCodeScanTests.xctest */,
				F1866450213CE28400AF13E7 /* QRCodeScanUITests.xctest */,
			);
			name = Products;
			sourceTree = "<group>";
		};
		F186642F213CE28200AF13E7 /* QRCodeScan */ = {
			isa = PBXGroup;
			children = (
				F1866487213D119600AF13E7 /* Tools */,
				F11AF1FB239E21CA009CE7A9 /* QRCodeScan */,
				F1866430213CE28200AF13E7 /* AppDelegate.h */,
				F1866431213CE28200AF13E7 /* AppDelegate.m */,
				F1866433213CE28200AF13E7 /* ViewController.h */,
				F1866434213CE28200AF13E7 /* ViewController.m */,
				F1866484213CE35E00AF13E7 /* CodeGenerateViewController.h */,
				F1866485213CE35E00AF13E7 /* CodeGenerateViewController.m */,
				F1866436213CE28200AF13E7 /* Main.storyboard */,
				F1866439213CE28400AF13E7 /* Assets.xcassets */,
				F186643B213CE28400AF13E7 /* LaunchScreen.storyboard */,
				F186643E213CE28400AF13E7 /* Info.plist */,
				F186643F213CE28400AF13E7 /* main.m */,
			);
			path = QRCodeScan;
			sourceTree = "<group>";
		};
		F1866448213CE28400AF13E7 /* QRCodeScanTests */ = {
			isa = PBXGroup;
			children = (
				F1866449213CE28400AF13E7 /* QRCodeScanTests.m */,
				F186644B213CE28400AF13E7 /* Info.plist */,
			);
			path = QRCodeScanTests;
			sourceTree = "<group>";
		};
		F1866453213CE28400AF13E7 /* QRCodeScanUITests */ = {
			isa = PBXGroup;
			children = (
				F1866454213CE28400AF13E7 /* QRCodeScanUITests.m */,
				F1866456213CE28400AF13E7 /* Info.plist */,
			);
			path = QRCodeScanUITests;
			sourceTree = "<group>";
		};
		F1866463213CE2C500AF13E7 /* resource */ = {
			isa = PBXGroup;
			children = (
				F186646A213CE2D200AF13E7 /* scan_exchange@2x.png */,
				F1866465213CE2D200AF13E7 /* scan_exchange@3x.png */,
				F186646E213CE2D300AF13E7 /* scan_scanFrame@2x.png */,
				F186646B213CE2D200AF13E7 /* scan_scanFrame@3x.png */,
				F186646D213CE2D300AF13E7 /* scan_flash@2x.png */,
				F1866467213CE2D200AF13E7 /* scan_flash@3x.png */,
				F186646C213CE2D300AF13E7 /* scan_photo@2x.png */,
				F1866468213CE2D200AF13E7 /* scan_photo@3x.png */,
				F1866464213CE2D200AF13E7 /* ring.wav */,
				F1866466213CE2D200AF13E7 /* scan_scanLine@2x.png */,
				F1866469213CE2D200AF13E7 /* scan_scanLine@3x.png */,
			);
			path = resource;
			sourceTree = "<group>";
		};
		F1866487213D119600AF13E7 /* Tools */ = {
			isa = PBXGroup;
			children = (
				F1866488213D11C300AF13E7 /* UIView+Extension.h */,
				F1866489213D11C300AF13E7 /* UIView+Extension.m */,
			);
			path = Tools;
			sourceTree = "<group>";
		};
/* End PBXGroup section */

/* Begin PBXNativeTarget section */
		F186642C213CE28200AF13E7 /* QRCodeScan */ = {
			isa = PBXNativeTarget;
			buildConfigurationList = F1866459213CE28400AF13E7 /* Build configuration list for PBXNativeTarget "QRCodeScan" */;
			buildPhases = (
				F1866429213CE28200AF13E7 /* Sources */,
				F186642A213CE28200AF13E7 /* Frameworks */,
				F186642B213CE28200AF13E7 /* Resources */,
			);
			buildRules = (
			);
			dependencies = (
			);
			name = QRCodeScan;
			productName = QRCodeScan;
			productReference = F186642D213CE28200AF13E7 /* QRCodeScan.app */;
			productType = "com.apple.product-type.application";
		};
		F1866444213CE28400AF13E7 /* QRCodeScanTests */ = {
			isa = PBXNativeTarget;
			buildConfigurationList = F186645C213CE28400AF13E7 /* Build configuration list for PBXNativeTarget "QRCodeScanTests" */;
			buildPhases = (
				F1866441213CE28400AF13E7 /* Sources */,
				F1866442213CE28400AF13E7 /* Frameworks */,
				F1866443213CE28400AF13E7 /* Resources */,
			);
			buildRules = (
			);
			dependencies = (
				F1866447213CE28400AF13E7 /* PBXTargetDependency */,
			);
			name = QRCodeScanTests;
			productName = QRCodeScanTests;
			productReference = F1866445213CE28400AF13E7 /* QRCodeScanTests.xctest */;
			productType = "com.apple.product-type.bundle.unit-test";
		};
		F186644F213CE28400AF13E7 /* QRCodeScanUITests */ = {
			isa = PBXNativeTarget;
			buildConfigurationList = F186645F213CE28400AF13E7 /* Build configuration list for PBXNativeTarget "QRCodeScanUITests" */;
			buildPhases = (
				F186644C213CE28400AF13E7 /* Sources */,
				F186644D213CE28400AF13E7 /* Frameworks */,
				F186644E213CE28400AF13E7 /* Resources */,
			);
			buildRules = (
			);
			dependencies = (
				F1866452213CE28400AF13E7 /* PBXTargetDependency */,
			);
			name = QRCodeScanUITests;
			productName = QRCodeScanUITests;
			productReference = F1866450213CE28400AF13E7 /* QRCodeScanUITests.xctest */;
			productType = "com.apple.product-type.bundle.ui-testing";
		};
/* End PBXNativeTarget section */

/* Begin PBXProject section */
		F1866425213CE28200AF13E7 /* Project object */ = {
			isa = PBXProject;
			attributes = {
				LastUpgradeCheck = 0930;
				ORGANIZATIONNAME = singularity;
				TargetAttributes = {
					F186642C213CE28200AF13E7 = {
						CreatedOnToolsVersion = 9.3.1;
					};
					F1866444213CE28400AF13E7 = {
						CreatedOnToolsVersion = 9.3.1;
						TestTargetID = F186642C213CE28200AF13E7;
					};
					F186644F213CE28400AF13E7 = {
						CreatedOnToolsVersion = 9.3.1;
						TestTargetID = F186642C213CE28200AF13E7;
					};
				};
			};
			buildConfigurationList = F1866428213CE28200AF13E7 /* Build configuration list for PBXProject "QRCodeScan" */;
			compatibilityVersion = "Xcode 9.3";
			developmentRegion = en;
			hasScannedForEncodings = 0;
			knownRegions = (
				en,
				Base,
			);
			mainGroup = F1866424213CE28200AF13E7;
			productRefGroup = F186642E213CE28200AF13E7 /* Products */;
			projectDirPath = "";
			projectRoot = "";
			targets = (
				F186642C213CE28200AF13E7 /* QRCodeScan */,
				F1866444213CE28400AF13E7 /* QRCodeScanTests */,
				F186644F213CE28400AF13E7 /* QRCodeScanUITests */,
			);
		};
/* End PBXProject section */

/* Begin PBXResourcesBuildPhase section */
		F186642B213CE28200AF13E7 /* Resources */ = {
			isa = PBXResourcesBuildPhase;
			buildActionMask = 2147483647;
			files = (
				F1866472213CE2D300AF13E7 /* scan_flash@3x.png in Resources */,
				F186646F213CE2D300AF13E7 /* ring.wav in Resources */,
				F1866478213CE2D300AF13E7 /* scan_flash@2x.png in Resources */,
				F186643D213CE28400AF13E7 /* LaunchScreen.storyboard in Resources */,
				F1866473213CE2D300AF13E7 /* scan_photo@3x.png in Resources */,
				F1866470213CE2D300AF13E7 /* scan_exchange@3x.png in Resources */,
				F186643A213CE28400AF13E7 /* Assets.xcassets in Resources */,
				F1866476213CE2D300AF13E7 /* scan_scanFrame@3x.png in Resources */,
				F1866438213CE28200AF13E7 /* Main.storyboard in Resources */,
				F1866479213CE2D300AF13E7 /* scan_scanFrame@2x.png in Resources */,
				F1866475213CE2D300AF13E7 /* scan_exchange@2x.png in Resources */,
				F1866471213CE2D300AF13E7 /* scan_scanLine@2x.png in Resources */,
				F1866477213CE2D300AF13E7 /* scan_photo@2x.png in Resources */,
				F1866474213CE2D300AF13E7 /* scan_scanLine@3x.png in Resources */,
			);
			runOnlyForDeploymentPostprocessing = 0;
		};
		F1866443213CE28400AF13E7 /* Resources */ = {
			isa = PBXResourcesBuildPhase;
			buildActionMask = 2147483647;
			files = (
			);
			runOnlyForDeploymentPostprocessing = 0;
		};
		F186644E213CE28400AF13E7 /* Resources */ = {
			isa = PBXResourcesBuildPhase;
			buildActionMask = 2147483647;
			files = (
			);
			runOnlyForDeploymentPostprocessing = 0;
		};
/* End PBXResourcesBuildPhase section */

/* Begin PBXSourcesBuildPhase section */
		F1866429213CE28200AF13E7 /* Sources */ = {
			isa = PBXSourcesBuildPhase;
			buildActionMask = 2147483647;
			files = (
				F11AF1FE239E2204009CE7A9 /* QRCodeGenerateTools.m in Sources */,
				F1866435213CE28200AF13E7 /* ViewController.m in Sources */,
				F11AF202239E2393009CE7A9 /* QRCodeScanTools.m in Sources */,
				F11AF205239E26CC009CE7A9 /* QRCodeScanManager.m in Sources */,
				F1866486213CE35F00AF13E7 /* CodeGenerateViewController.m in Sources */,
				F10E0180239F35A40085C4F8 /* QRCodeScanView.m in Sources */,
				F1866440213CE28400AF13E7 /* main.m in Sources */,
				F186648A213D11C300AF13E7 /* UIView+Extension.m in Sources */,
				F1866432213CE28200AF13E7 /* AppDelegate.m in Sources */,
				F10E0183239F42700085C4F8 /* QRCodeScanViewController.m in Sources */,
			);
			runOnlyForDeploymentPostprocessing = 0;
		};
		F1866441213CE28400AF13E7 /* Sources */ = {
			isa = PBXSourcesBuildPhase;
			buildActionMask = 2147483647;
			files = (
				F186644A213CE28400AF13E7 /* QRCodeScanTests.m in Sources */,
			);
			runOnlyForDeploymentPostprocessing = 0;
		};
		F186644C213CE28400AF13E7 /* Sources */ = {
			isa = PBXSourcesBuildPhase;
			buildActionMask = 2147483647;
			files = (
				F1866455213CE28400AF13E7 /* QRCodeScanUITests.m in Sources */,
			);
			runOnlyForDeploymentPostprocessing = 0;
		};
/* End PBXSourcesBuildPhase section */

/* Begin PBXTargetDependency section */
		F1866447213CE28400AF13E7 /* PBXTargetDependency */ = {
			isa = PBXTargetDependency;
			target = F186642C213CE28200AF13E7 /* QRCodeScan */;
			targetProxy = F1866446213CE28400AF13E7 /* PBXContainerItemProxy */;
		};
		F1866452213CE28400AF13E7 /* PBXTargetDependency */ = {
			isa = PBXTargetDependency;
			target = F186642C213CE28200AF13E7 /* QRCodeScan */;
			targetProxy = F1866451213CE28400AF13E7 /* PBXContainerItemProxy */;
		};
/* End PBXTargetDependency section */

/* Begin PBXVariantGroup section */
		F1866436213CE28200AF13E7 /* Main.storyboard */ = {
			isa = PBXVariantGroup;
			children = (
				F1866437213CE28200AF13E7 /* Base */,
			);
			name = Main.storyboard;
			sourceTree = "<group>";
		};
		F186643B213CE28400AF13E7 /* LaunchScreen.storyboard */ = {
			isa = PBXVariantGroup;
			children = (
				F186643C213CE28400AF13E7 /* Base */,
			);
			name = LaunchScreen.storyboard;
			sourceTree = "<group>";
		};
/* End PBXVariantGroup section */

/* Begin XCBuildConfiguration section */
		F1866457213CE28400AF13E7 /* Debug */ = {
			isa = XCBuildConfiguration;
			buildSettings = {
				ALWAYS_SEARCH_USER_PATHS = NO;
				CLANG_ANALYZER_NONNULL = YES;
				CLANG_ANALYZER_NUMBER_OBJECT_CONVERSION = YES_AGGRESSIVE;
				CLANG_CXX_LANGUAGE_STANDARD = "gnu++14";
				CLANG_CXX_LIBRARY = "libc++";
				CLANG_ENABLE_MODULES = YES;
				CLANG_ENABLE_OBJC_ARC = YES;
				CLANG_ENABLE_OBJC_WEAK = YES;
				CLANG_WARN_BLOCK_CAPTURE_AUTORELEASING = YES;
				CLANG_WARN_BOOL_CONVERSION = YES;
				CLANG_WARN_COMMA = YES;
				CLANG_WARN_CONSTANT_CONVERSION = YES;
				CLANG_WARN_DEPRECATED_OBJC_IMPLEMENTATIONS = YES;
				CLANG_WARN_DIRECT_OBJC_ISA_USAGE = YES_ERROR;
				CLANG_WARN_DOCUMENTATION_COMMENTS = YES;
				CLANG_WARN_EMPTY_BODY = YES;
				CLANG_WARN_ENUM_CONVERSION = YES;
				CLANG_WARN_INFINITE_RECURSION = YES;
				CLANG_WARN_INT_CONVERSION = YES;
				CLANG_WARN_NON_LITERAL_NULL_CONVERSION = YES;
				CLANG_WARN_OBJC_IMPLICIT_RETAIN_SELF = YES;
				CLANG_WARN_OBJC_LITERAL_CONVERSION = YES;
				CLANG_WARN_OBJC_ROOT_CLASS = YES_ERROR;
				CLANG_WARN_RANGE_LOOP_ANALYSIS = YES;
				CLANG_WARN_STRICT_PROTOTYPES = YES;
				CLANG_WARN_SUSPICIOUS_MOVE = YES;
				CLANG_WARN_UNGUARDED_AVAILABILITY = YES_AGGRESSIVE;
				CLANG_WARN_UNREACHABLE_CODE = YES;
				CLANG_WARN__DUPLICATE_METHOD_MATCH = YES;
				CODE_SIGN_IDENTITY = "iPhone Developer";
				COPY_PHASE_STRIP = NO;
				DEBUG_INFORMATION_FORMAT = dwarf;
				ENABLE_STRICT_OBJC_MSGSEND = YES;
				ENABLE_TESTABILITY = YES;
				GCC_C_LANGUAGE_STANDARD = gnu11;
				GCC_DYNAMIC_NO_PIC = NO;
				GCC_NO_COMMON_BLOCKS = YES;
				GCC_OPTIMIZATION_LEVEL = 0;
				GCC_PREPROCESSOR_DEFINITIONS = (
					"DEBUG=1",
					"$(inherited)",
				);
				GCC_WARN_64_TO_32_BIT_CONVERSION = YES;
				GCC_WARN_ABOUT_RETURN_TYPE = YES_ERROR;
				GCC_WARN_UNDECLARED_SELECTOR = YES;
				GCC_WARN_UNINITIALIZED_AUTOS = YES_AGGRESSIVE;
				GCC_WARN_UNUSED_FUNCTION = YES;
				GCC_WARN_UNUSED_VARIABLE = YES;
				IPHONEOS_DEPLOYMENT_TARGET = 11.3;
				MTL_ENABLE_DEBUG_INFO = YES;
				ONLY_ACTIVE_ARCH = YES;
				SDKROOT = iphoneos;
			};
			name = Debug;
		};
		F1866458213CE28400AF13E7 /* Release */ = {
			isa = XCBuildConfiguration;
			buildSettings = {
				ALWAYS_SEARCH_USER_PATHS = NO;
				CLANG_ANALYZER_NONNULL = YES;
				CLANG_ANALYZER_NUMBER_OBJECT_CONVERSION = YES_AGGRESSIVE;
				CLANG_CXX_LANGUAGE_STANDARD = "gnu++14";
				CLANG_CXX_LIBRARY = "libc++";
				CLANG_ENABLE_MODULES = YES;
				CLANG_ENABLE_OBJC_ARC = YES;
				CLANG_ENABLE_OBJC_WEAK = YES;
				CLANG_WARN_BLOCK_CAPTURE_AUTORELEASING = YES;
				CLANG_WARN_BOOL_CONVERSION = YES;
				CLANG_WARN_COMMA = YES;
				CLANG_WARN_CONSTANT_CONVERSION = YES;
				CLANG_WARN_DEPRECATED_OBJC_IMPLEMENTATIONS = YES;
				CLANG_WARN_DIRECT_OBJC_ISA_USAGE = YES_ERROR;
				CLANG_WARN_DOCUMENTATION_COMMENTS = YES;
				CLANG_WARN_EMPTY_BODY = YES;
				CLANG_WARN_ENUM_CONVERSION = YES;
				CLANG_WARN_INFINITE_RECURSION = YES;
				CLANG_WARN_INT_CONVERSION = YES;
				CLANG_WARN_NON_LITERAL_NULL_CONVERSION = YES;
				CLANG_WARN_OBJC_IMPLICIT_RETAIN_SELF = YES;
				CLANG_WARN_OBJC_LITERAL_CONVERSION = YES;
				CLANG_WARN_OBJC_ROOT_CLASS = YES_ERROR;
				CLANG_WARN_RANGE_LOOP_ANALYSIS = YES;
				CLANG_WARN_STRICT_PROTOTYPES = YES;
				CLANG_WARN_SUSPICIOUS_MOVE = YES;
				CLANG_WARN_UNGUARDED_AVAILABILITY = YES_AGGRESSIVE;
				CLANG_WARN_UNREACHABLE_CODE = YES;
				CLANG_WARN__DUPLICATE_METHOD_MATCH = YES;
				CODE_SIGN_IDENTITY = "iPhone Developer";
				COPY_PHASE_STRIP = NO;
				DEBUG_INFORMATION_FORMAT = "dwarf-with-dsym";
				ENABLE_NS_ASSERTIONS = NO;
				ENABLE_STRICT_OBJC_MSGSEND = YES;
				GCC_C_LANGUAGE_STANDARD = gnu11;
				GCC_NO_COMMON_BLOCKS = YES;
				GCC_WARN_64_TO_32_BIT_CONVERSION = YES;
				GCC_WARN_ABOUT_RETURN_TYPE = YES_ERROR;
				GCC_WARN_UNDECLARED_SELECTOR = YES;
				GCC_WARN_UNINITIALIZED_AUTOS = YES_AGGRESSIVE;
				GCC_WARN_UNUSED_FUNCTION = YES;
				GCC_WARN_UNUSED_VARIABLE = YES;
				IPHONEOS_DEPLOYMENT_TARGET = 11.3;
				MTL_ENABLE_DEBUG_INFO = NO;
				SDKROOT = iphoneos;
				VALIDATE_PRODUCT = YES;
			};
			name = Release;
		};
		F186645A213CE28400AF13E7 /* Debug */ = {
			isa = XCBuildConfiguration;
			buildSettings = {
				ASSETCATALOG_COMPILER_APPICON_NAME = AppIcon;
				CODE_SIGN_STYLE = Automatic;
				DEVELOPMENT_TEAM = 5AC5BVG3V5;
				INFOPLIST_FILE = QRCodeScan/Info.plist;
				LD_RUNPATH_SEARCH_PATHS = (
					"$(inherited)",
					"@executable_path/Frameworks",
				);
				PRODUCT_BUNDLE_IDENTIFIER = singularity.QRCodeScan;
				PRODUCT_NAME = "$(TARGET_NAME)";
				TARGETED_DEVICE_FAMILY = "1,2";
			};
			name = Debug;
		};
		F186645B213CE28400AF13E7 /* Release */ = {
			isa = XCBuildConfiguration;
			buildSettings = {
				ASSETCATALOG_COMPILER_APPICON_NAME = AppIcon;
				CODE_SIGN_STYLE = Automatic;
				DEVELOPMENT_TEAM = 5AC5BVG3V5;
				INFOPLIST_FILE = QRCodeScan/Info.plist;
				LD_RUNPATH_SEARCH_PATHS = (
					"$(inherited)",
					"@executable_path/Frameworks",
				);
				PRODUCT_BUNDLE_IDENTIFIER = singularity.QRCodeScan;
				PRODUCT_NAME = "$(TARGET_NAME)";
				TARGETED_DEVICE_FAMILY = "1,2";
			};
			name = Release;
		};
		F186645D213CE28400AF13E7 /* Debug */ = {
			isa = XCBuildConfiguration;
			buildSettings = {
				BUNDLE_LOADER = "$(TEST_HOST)";
				CODE_SIGN_STYLE = Automatic;
				DEVELOPMENT_TEAM = 92G97Q35ZF;
				INFOPLIST_FILE = QRCodeScanTests/Info.plist;
				LD_RUNPATH_SEARCH_PATHS = (
					"$(inherited)",
					"@executable_path/Frameworks",
					"@loader_path/Frameworks",
				);
				PRODUCT_BUNDLE_IDENTIFIER = singularity.QRCodeScanTests;
				PRODUCT_NAME = "$(TARGET_NAME)";
				TARGETED_DEVICE_FAMILY = "1,2";
				TEST_HOST = "$(BUILT_PRODUCTS_DIR)/QRCodeScan.app/QRCodeScan";
			};
			name = Debug;
		};
		F186645E213CE28400AF13E7 /* Release */ = {
			isa = XCBuildConfiguration;
			buildSettings = {
				BUNDLE_LOADER = "$(TEST_HOST)";
				CODE_SIGN_STYLE = Automatic;
				DEVELOPMENT_TEAM = 92G97Q35ZF;
				INFOPLIST_FILE = QRCodeScanTests/Info.plist;
				LD_RUNPATH_SEARCH_PATHS = (
					"$(inherited)",
					"@executable_path/Frameworks",
					"@loader_path/Frameworks",
				);
				PRODUCT_BUNDLE_IDENTIFIER = singularity.QRCodeScanTests;
				PRODUCT_NAME = "$(TARGET_NAME)";
				TARGETED_DEVICE_FAMILY = "1,2";
				TEST_HOST = "$(BUILT_PRODUCTS_DIR)/QRCodeScan.app/QRCodeScan";
			};
			name = Release;
		};
		F1866460213CE28400AF13E7 /* Debug */ = {
			isa = XCBuildConfiguration;
			buildSettings = {
				CODE_SIGN_STYLE = Automatic;
				DEVELOPMENT_TEAM = 92G97Q35ZF;
				INFOPLIST_FILE = QRCodeScanUITests/Info.plist;
				LD_RUNPATH_SEARCH_PATHS = (
					"$(inherited)",
					"@executable_path/Frameworks",
					"@loader_path/Frameworks",
				);
				PRODUCT_BUNDLE_IDENTIFIER = singularity.QRCodeScanUITests;
				PRODUCT_NAME = "$(TARGET_NAME)";
				TARGETED_DEVICE_FAMILY = "1,2";
				TEST_TARGET_NAME = QRCodeScan;
			};
			name = Debug;
		};
		F1866461213CE28400AF13E7 /* Release */ = {
			isa = XCBuildConfiguration;
			buildSettings = {
				CODE_SIGN_STYLE = Automatic;
				DEVELOPMENT_TEAM = 92G97Q35ZF;
				INFOPLIST_FILE = QRCodeScanUITests/Info.plist;
				LD_RUNPATH_SEARCH_PATHS = (
					"$(inherited)",
					"@executable_path/Frameworks",
					"@loader_path/Frameworks",
				);
				PRODUCT_BUNDLE_IDENTIFIER = singularity.QRCodeScanUITests;
				PRODUCT_NAME = "$(TARGET_NAME)";
				TARGETED_DEVICE_FAMILY = "1,2";
				TEST_TARGET_NAME = QRCodeScan;
			};
			name = Release;
		};
/* End XCBuildConfiguration section */

/* Begin XCConfigurationList section */
		F1866428213CE28200AF13E7 /* Build configuration list for PBXProject "QRCodeScan" */ = {
			isa = XCConfigurationList;
			buildConfigurations = (
				F1866457213CE28400AF13E7 /* Debug */,
				F1866458213CE28400AF13E7 /* Release */,
			);
			defaultConfigurationIsVisible = 0;
			defaultConfigurationName = Release;
		};
		F1866459213CE28400AF13E7 /* Build configuration list for PBXNativeTarget "QRCodeScan" */ = {
			isa = XCConfigurationList;
			buildConfigurations = (
				F186645A213CE28400AF13E7 /* Debug */,
				F186645B213CE28400AF13E7 /* Release */,
			);
			defaultConfigurationIsVisible = 0;
			defaultConfigurationName = Release;
		};
		F186645C213CE28400AF13E7 /* Build configuration list for PBXNativeTarget "QRCodeScanTests" */ = {
			isa = XCConfigurationList;
			buildConfigurations = (
				F186645D213CE28400AF13E7 /* Debug */,
				F186645E213CE28400AF13E7 /* Release */,
			);
			defaultConfigurationIsVisible = 0;
			defaultConfigurationName = Release;
		};
		F186645F213CE28400AF13E7 /* Build configuration list for PBXNativeTarget "QRCodeScanUITests" */ = {
			isa = XCConfigurationList;
			buildConfigurations = (
				F1866460213CE28400AF13E7 /* Debug */,
				F1866461213CE28400AF13E7 /* Release */,
			);
			defaultConfigurationIsVisible = 0;
			defaultConfigurationName = Release;
		};
/* End XCConfigurationList section */
	};
	rootObject = F1866425213CE28200AF13E7 /* Project object */;
}
